
Microsoft Visual Studio Solution File, Format Version 12.00
# Visual Studio Version 17
VisualStudioVersion = 17.2.32519.379
MinimumVisualStudioVersion = 10.0.40219.1
Project("{FAE04EC0-301F-11D3-BF4B-00C04F79EFBC}") = "TodoApi3", "TodoApi3\TodoApi3.csproj", "{B56530A7-626E-4BEF-A267-C5F735E39F79}"
EndProject
Global
	GlobalSection(SolutionConfigurationPlatforms) = preSolution
		Debug|Any CPU = Debug|Any CPU
		Release|Any CPU = Release|Any CPU
	EndGlobalSection
	GlobalSection(ProjectConfigurationPlatforms) = postSolution
		{B56530A7-626E-4BEF-A267-C5F735E39F79}.Debug|Any CPU.ActiveCfg = Debug|Any CPU
		{B56530A7-626E-4BEF-A267-C5F735E39F79}.Debug|Any CPU.Build.0 = Debug|Any CPU
		{B56530A7-626E-4BEF-A267-C5F735E39F79}.Release|Any CPU.ActiveCfg = Release|Any CPU
		{B56530A7-626E-4BEF-A267-C5F735E39F79}.Release|Any CPU.Build.0 = Release|Any CPU
	EndGlobalSection
	GlobalSection(SolutionProperties) = preSolution
		HideSolutionNode = FALSE
	EndGlobalSection
	GlobalSection(ExtensibilityGlobals) = postSolution
		SolutionGuid = {97D2A26B-7074-456A-AB18-610B09886BB6}
	EndGlobalSection
EndGlobal
